Microsoft Visual Studio Solution File, Format Version 12.00
# Visual Studio Version 17
VisualStudioVersion = 17.5.2.0
MinimumVisualStudioVersion = 10.0.40219.1
Project("{FAE04EC0-301F-11D3-BF4B-00C04F79EFBC}") = "licita_radar_api", "licita_radar_api.csproj", "{A6F913F5-2D08-A05C-CED2-EBD3C1206CE5}"
EndProject
Global
	GlobalSection(SolutionConfigurationPlatforms) = preSolution
		Debug|Any CPU = Debug|Any CPU
		Release|Any CPU = Release|Any CPU
	EndGlobalSection
	GlobalSection(ProjectConfigurationPlatforms) = postSolution
		{A6F913F5-2D08-A05C-CED2-EBD3C1206CE5}.Debug|Any CPU.ActiveCfg = Debug|Any CPU
		{A6F913F5-2D08-A05C-CED2-EBD3C1206CE5}.Debug|Any CPU.Build.0 = Debug|Any CPU
		{A6F913F5-2D08-A05C-CED2-EBD3C1206CE5}.Release|Any CPU.ActiveCfg = Release|Any CPU
		{A6F913F5-2D08-A05C-CED2-EBD3C1206CE5}.Release|Any CPU.Build.0 = Release|Any CPU
	EndGlobalSection
	GlobalSection(SolutionProperties) = preSolution
		HideSolutionNode = FALSE
	EndGlobalSection
	GlobalSection(ExtensibilityGlobals) = postSolution
		SolutionGuid = {BF92CE0A-2742-410F-9F73-04CA5167058F}
	EndGlobalSection
EndGlobal
